// !$*UTF8*$!
{
	archiveVersion = 1;
	classes = {
	};
	objectVersion = 56;
	objects = {

/* Begin PBXBuildFile section */
		6313CA762953A1D5004AB0AF /* AppDelegate.swift in Sources */ = {isa = PBXBuildFile; fileRef = 6313CA752953A1D5004AB0AF /* AppDelegate.swift */; };
		6313CA782953A1D5004AB0AF /* SceneDelegate.swift in Sources */ = {isa = PBXBuildFile; fileRef = 6313CA772953A1D5004AB0AF /* SceneDelegate.swift */; };
		6313CA7F2953A1D7004AB0AF /* Assets.xcassets in Resources */ = {isa = PBXBuildFile; fileRef = 6313CA7E2953A1D7004AB0AF /* Assets.xcassets */; };
		6313CA822953A1D7004AB0AF /* LaunchScreen.storyboard in Resources */ = {isa = PBXBuildFile; fileRef = 6313CA802953A1D7004AB0AF /* LaunchScreen.storyboard */; };
		6313CA8D2953A1D7004AB0AF /* PiazzaTests.swift in Sources */ = {isa = PBXBuildFile; fileRef = 6313CA8C2953A1D7004AB0AF /* PiazzaTests.swift */; };
		6313CA972953A1D7004AB0AF /* PiazzaUITests.swift in Sources */ = {isa = PBXBuildFile; fileRef = 6313CA962953A1D7004AB0AF /* PiazzaUITests.swift */; };
		6313CA992953A1D7004AB0AF /* PiazzaUITestsLaunchTests.swift in Sources */ = {isa = PBXBuildFile; fileRef = 6313CA982953A1D7004AB0AF /* PiazzaUITestsLaunchTests.swift */; };
		6313CAA7295B75C8004AB0AF /* Turbo in Frameworks */ = {isa = PBXBuildFile; productRef = 6313CAA6295B75C8004AB0AF /* Turbo */; };
		63D3FC8B295E341900377478 /* Api.swift in Sources */ = {isa = PBXBuildFile; fileRef = 63D3FC8A295E341900377478 /* Api.swift */; };
		63D3FC8D295E34E300377478 /* RootViewController.swift in Sources */ = {isa = PBXBuildFile; fileRef = 63D3FC8C295E34E300377478 /* RootViewController.swift */; };
		63D3FC90295E37C700377478 /* Localizable.strings in Resources */ = {isa = PBXBuildFile; fileRef = 63D3FC92295E37C700377478 /* Localizable.strings */; };
		63D3FC96295E38DB00377478 /* RoutingController.swift in Sources */ = {isa = PBXBuildFile; fileRef = 63D3FC95295E38DB00377478 /* RoutingController.swift */; };
		63D3FC98295E390C00377478 /* BaseNavigationController.swift in Sources */ = {isa = PBXBuildFile; fileRef = 63D3FC97295E390C00377478 /* BaseNavigationController.swift */; };
		63D3FC9A295E3A0200377478 /* path_configuration.json in Resources */ = {isa = PBXBuildFile; fileRef = 63D3FC99295E3A0200377478 /* path_configuration.json */; };
		63D3FC9C295E3A3200377478 /* Global.swift in Sources */ = {isa = PBXBuildFile; fileRef = 63D3FC9B295E3A3200377478 /* Global.swift */; };
		63D3FC9E295E7B4900377478 /* WebViewController.swift in Sources */ = {isa = PBXBuildFile; fileRef = 63D3FC9D295E7B4900377478 /* WebViewController.swift */; };
		63D3FCA0295E7CAD00377478 /* ViewControllerVendor.swift in Sources */ = {isa = PBXBuildFile; fileRef = 63D3FC9F295E7CAD00377478 /* ViewControllerVendor.swift */; };
/* End PBXBuildFile section */

/* Begin PBXContainerItemProxy section */
		6313CA892953A1D7004AB0AF /* PBXContainerItemProxy */ = {
			isa = PBXContainerItemProxy;
			containerPortal = 6313CA6A2953A1D4004AB0AF /* Project object */;
			proxyType = 1;
			remoteGlobalIDString = 6313CA712953A1D5004AB0AF;
			remoteInfo = Piazza;
		};
		6313CA932953A1D7004AB0AF /* PBXContainerItemProxy */ = {
			isa = PBXContainerItemProxy;
			containerPortal = 6313CA6A2953A1D4004AB0AF /* Project object */;
			proxyType = 1;
			remoteGlobalIDString = 6313CA712953A1D5004AB0AF;
			remoteInfo = Piazza;
		};
/* End PBXContainerItemProxy section */

/* Begin PBXFileReference section */
		6313CA722953A1D5004AB0AF /* Piazza.app */ = {isa = PBXFileReference; explicitFileType = wrapper.application; includeInIndex = 0; path = Piazza.app; sourceTree = BUILT_PRODUCTS_DIR; };
		6313CA752953A1D5004AB0AF /* AppDelegate.swift */ = {isa = PBXFileReference; lastKnownFileType = sourcecode.swift; path = AppDelegate.swift; sourceTree = "<group>"; };
		6313CA772953A1D5004AB0AF /* SceneDelegate.swift */ = {isa = PBXFileReference; lastKnownFileType = sourcecode.swift; path = SceneDelegate.swift; sourceTree = "<group>"; };
		6313CA7E2953A1D7004AB0AF /* Assets.xcassets */ = {isa = PBXFileReference; lastKnownFileType = folder.assetcatalog; path = Assets.xcassets; sourceTree = "<group>"; };
		6313CA812953A1D7004AB0AF /* Base */ = {isa = PBXFileReference; lastKnownFileType = file.storyboard; name = Base; path = Base.lproj/LaunchScreen.storyboard; sourceTree = "<group>"; };
		6313CA832953A1D7004AB0AF /* Info.plist */ = {isa = PBXFileReference; lastKnownFileType = text.plist.xml; path = Info.plist; sourceTree = "<group>"; };
		6313CA882953A1D7004AB0AF /* PiazzaTests.xctest */ = {isa = PBXFileReference; explicitFileType = wrapper.cfbundle; includeInIndex = 0; path = PiazzaTests.xctest; sourceTree = BUILT_PRODUCTS_DIR; };
		6313CA8C2953A1D7004AB0AF /* PiazzaTests.swift */ = {isa = PBXFileReference; lastKnownFileType = sourcecode.swift; path = PiazzaTests.swift; sourceTree = "<group>"; };
		6313CA922953A1D7004AB0AF /* PiazzaUITests.xctest */ = {isa = PBXFileReference; explicitFileType = wrapper.cfbundle; includeInIndex = 0; path = PiazzaUITests.xctest; sourceTree = BUILT_PRODUCTS_DIR; };
		6313CA962953A1D7004AB0AF /* PiazzaUITests.swift */ = {isa = PBXFileReference; lastKnownFileType = sourcecode.swift; path = PiazzaUITests.swift; sourceTree = "<group>"; };
		6313CA982953A1D7004AB0AF /* PiazzaUITestsLaunchTests.swift */ = {isa = PBXFileReference; lastKnownFileType = sourcecode.swift; path = PiazzaUITestsLaunchTests.swift; sourceTree = "<group>"; };
		63D3FC8A295E341900377478 /* Api.swift */ = {isa = PBXFileReference; lastKnownFileType = sourcecode.swift; path = Api.swift; sourceTree = "<group>"; };
		63D3FC8C295E34E300377478 /* RootViewController.swift */ = {isa = PBXFileReference; lastKnownFileType = sourcecode.swift; path = RootViewController.swift; sourceTree = "<group>"; };
		63D3FC91295E37C700377478 /* en */ = {isa = PBXFileReference; lastKnownFileType = text.plist.strings; name = en; path = en.lproj/Localizable.strings; sourceTree = "<group>"; };
		63D3FC95295E38DB00377478 /* RoutingController.swift */ = {isa = PBXFileReference; lastKnownFileType = sourcecode.swift; path = RoutingController.swift; sourceTree = "<group>"; };
		63D3FC97295E390C00377478 /* BaseNavigationController.swift */ = {isa = PBXFileReference; lastKnownFileType = sourcecode.swift; path = BaseNavigationController.swift; sourceTree = "<group>"; };
		63D3FC99295E3A0200377478 /* path_configuration.json */ = {isa = PBXFileReference; lastKnownFileType = text.json; path = path_configuration.json; sourceTree = "<group>"; };
		63D3FC9B295E3A3200377478 /* Global.swift */ = {isa = PBXFileReference; lastKnownFileType = sourcecode.swift; path = Global.swift; sourceTree = "<group>"; };
		63D3FC9D295E7B4900377478 /* WebViewController.swift */ = {isa = PBXFileReference; lastKnownFileType = sourcecode.swift; path = WebViewController.swift; sourceTree = "<group>"; };
		63D3FC9F295E7CAD00377478 /* ViewControllerVendor.swift */ = {isa = PBXFileReference; lastKnownFileType = sourcecode.swift; path = ViewControllerVendor.swift; sourceTree = "<group>"; };
/* End PBXFileReference section */

/* Begin PBXFrameworksBuildPhase section */
		6313CA6F2953A1D5004AB0AF /* Frameworks */ = {
			isa = PBXFrameworksBuildPhase;
			buildActionMask = 2147483647;
			files = (
				6313CAA7295B75C8004AB0AF /* Turbo in Frameworks */,
			);
			runOnlyForDeploymentPostprocessing = 0;
		};
		6313CA852953A1D7004AB0AF /* Frameworks */ = {
			isa = PBXFrameworksBuildPhase;
			buildActionMask = 2147483647;
			files = (
			);
			runOnlyForDeploymentPostprocessing = 0;
		};
		6313CA8F2953A1D7004AB0AF /* Frameworks */ = {
			isa = PBXFrameworksBuildPhase;
			buildActionMask = 2147483647;
			files = (
			);
			runOnlyForDeploymentPostprocessing = 0;
		};
/* End PBXFrameworksBuildPhase section */

/* Begin PBXGroup section */
		6313CA692953A1D4004AB0AF = {
			isa = PBXGroup;
			children = (
				6313CA742953A1D5004AB0AF /* Piazza */,
				6313CA8B2953A1D7004AB0AF /* PiazzaTests */,
				6313CA952953A1D7004AB0AF /* PiazzaUITests */,
				6313CA732953A1D5004AB0AF /* Products */,
			);
			sourceTree = "<group>";
		};
		6313CA732953A1D5004AB0AF /* Products */ = {
			isa = PBXGroup;
			children = (
				6313CA722953A1D5004AB0AF /* Piazza.app */,
				6313CA882953A1D7004AB0AF /* PiazzaTests.xctest */,
				6313CA922953A1D7004AB0AF /* PiazzaUITests.xctest */,
			);
			name = Products;
			sourceTree = "<group>";
		};
		6313CA742953A1D5004AB0AF /* Piazza */ = {
			isa = PBXGroup;
			children = (
				6313CA752953A1D5004AB0AF /* AppDelegate.swift */,
				63D3FC8A295E341900377478 /* Api.swift */,
				63D3FC8C295E34E300377478 /* RootViewController.swift */,
				63D3FC97295E390C00377478 /* BaseNavigationController.swift */,
				63D3FC99295E3A0200377478 /* path_configuration.json */,
				63D3FC9B295E3A3200377478 /* Global.swift */,
				63D3FC95295E38DB00377478 /* RoutingController.swift */,
				63D3FC9D295E7B4900377478 /* WebViewController.swift */,
				63D3FC9F295E7CAD00377478 /* ViewControllerVendor.swift */,
				6313CA772953A1D5004AB0AF /* SceneDelegate.swift */,
				6313CA7E2953A1D7004AB0AF /* Assets.xcassets */,
				6313CA802953A1D7004AB0AF /* LaunchScreen.storyboard */,
				63D3FC92295E37C700377478 /* Localizable.strings */,
				6313CA832953A1D7004AB0AF /* Info.plist */,
			);
			path = Piazza;
			sourceTree = "<group>";
		};
		6313CA8B2953A1D7004AB0AF /* PiazzaTests */ = {
			isa = PBXGroup;
			children = (
				6313CA8C2953A1D7004AB0AF /* PiazzaTests.swift */,
			);
			path = PiazzaTests;
			sourceTree = "<group>";
		};
		6313CA952953A1D7004AB0AF /* PiazzaUITests */ = {
			isa = PBXGroup;
			children = (
				6313CA962953A1D7004AB0AF /* PiazzaUITests.swift */,
				6313CA982953A1D7004AB0AF /* PiazzaUITestsLaunchTests.swift */,
			);
			path = PiazzaUITests;
			sourceTree = "<group>";
		};
/* End PBXGroup section */

/* Begin PBXNativeTarget section */
		6313CA712953A1D5004AB0AF /* Piazza */ = {
			isa = PBXNativeTarget;
			buildConfigurationList = 6313CA9C2953A1D7004AB0AF /* Build configuration list for PBXNativeTarget "Piazza" */;
			buildPhases = (
				6313CA6E2953A1D5004AB0AF /* Sources */,
				6313CA6F2953A1D5004AB0AF /* Frameworks */,
				6313CA702953A1D5004AB0AF /* Resources */,
				63D3FC89295E1B3700377478 /* ShellScript */,
			);
			buildRules = (
			);
			dependencies = (
			);
			name = Piazza;
			packageProductDependencies = (
				6313CAA6295B75C8004AB0AF /* Turbo */,
			);
			productName = Piazza;
			productReference = 6313CA722953A1D5004AB0AF /* Piazza.app */;
			productType = "com.apple.product-type.application";
		};
		6313CA872953A1D7004AB0AF /* PiazzaTests */ = {
			isa = PBXNativeTarget;
			buildConfigurationList = 6313CA9F2953A1D7004AB0AF /* Build configuration list for PBXNativeTarget "PiazzaTests" */;
			buildPhases = (
				6313CA842953A1D7004AB0AF /* Sources */,
				6313CA852953A1D7004AB0AF /* Frameworks */,
				6313CA862953A1D7004AB0AF /* Resources */,
			);
			buildRules = (
			);
			dependencies = (
				6313CA8A2953A1D7004AB0AF /* PBXTargetDependency */,
			);
			name = PiazzaTests;
			productName = PiazzaTests;
			productReference = 6313CA882953A1D7004AB0AF /* PiazzaTests.xctest */;
			productType = "com.apple.product-type.bundle.unit-test";
		};
		6313CA912953A1D7004AB0AF /* PiazzaUITests */ = {
			isa = PBXNativeTarget;
			buildConfigurationList = 6313CAA22953A1D7004AB0AF /* Build configuration list for PBXNativeTarget "PiazzaUITests" */;
			buildPhases = (
				6313CA8E2953A1D7004AB0AF /* Sources */,
				6313CA8F2953A1D7004AB0AF /* Frameworks */,
				6313CA902953A1D7004AB0AF /* Resources */,
			);
			buildRules = (
			);
			dependencies = (
				6313CA942953A1D7004AB0AF /* PBXTargetDependency */,
			);
			name = PiazzaUITests;
			productName = PiazzaUITests;
			productReference = 6313CA922953A1D7004AB0AF /* PiazzaUITests.xctest */;
			productType = "com.apple.product-type.bundle.ui-testing";
		};
/* End PBXNativeTarget section */

/* Begin PBXProject section */
		6313CA6A2953A1D4004AB0AF /* Project object */ = {
			isa = PBXProject;
			attributes = {
				BuildIndependentTargetsInParallel = 1;
				LastSwiftUpdateCheck = 1420;
				LastUpgradeCheck = 1420;
				TargetAttributes = {
					6313CA712953A1D5004AB0AF = {
						CreatedOnToolsVersion = 14.2;
					};
					6313CA872953A1D7004AB0AF = {
						CreatedOnToolsVersion = 14.2;
						TestTargetID = 6313CA712953A1D5004AB0AF;
					};
					6313CA912953A1D7004AB0AF = {
						CreatedOnToolsVersion = 14.2;
						TestTargetID = 6313CA712953A1D5004AB0AF;
					};
				};
			};
			buildConfigurationList = 6313CA6D2953A1D4004AB0AF /* Build configuration list for PBXProject "Piazza" */;
			compatibilityVersion = "Xcode 14.0";
			developmentRegion = en;
			hasScannedForEncodings = 0;
			knownRegions = (
				en,
				Base,
			);
			mainGroup = 6313CA692953A1D4004AB0AF;
			packageReferences = (
				6313CAA5295B75C8004AB0AF /* XCRemoteSwiftPackageReference "turbo-ios" */,
			);
			productRefGroup = 6313CA732953A1D5004AB0AF /* Products */;
			projectDirPath = "";
			projectRoot = "";
			targets = (
				6313CA712953A1D5004AB0AF /* Piazza */,
				6313CA872953A1D7004AB0AF /* PiazzaTests */,
				6313CA912953A1D7004AB0AF /* PiazzaUITests */,
			);
		};
/* End PBXProject section */

/* Begin PBXResourcesBuildPhase section */
		6313CA702953A1D5004AB0AF /* Resources */ = {
			isa = PBXResourcesBuildPhase;
			buildActionMask = 2147483647;
			files = (
				6313CA822953A1D7004AB0AF /* LaunchScreen.storyboard in Resources */,
				63D3FC90295E37C700377478 /* Localizable.strings in Resources */,
				6313CA7F2953A1D7004AB0AF /* Assets.xcassets in Resources */,
				63D3FC9A295E3A0200377478 /* path_configuration.json in Resources */,
			);
			runOnlyForDeploymentPostprocessing = 0;
		};
		6313CA862953A1D7004AB0AF /* Resources */ = {
			isa = PBXResourcesBuildPhase;
			buildActionMask = 2147483647;
			files = (
			);
			runOnlyForDeploymentPostprocessing = 0;
		};
		6313CA902953A1D7004AB0AF /* Resources */ = {
			isa = PBXResourcesBuildPhase;
			buildActionMask = 2147483647;
			files = (
			);
			runOnlyForDeploymentPostprocessing = 0;
		};
/* End PBXResourcesBuildPhase section */

/* Begin PBXShellScriptBuildPhase section */
		63D3FC89295E1B3700377478 /* ShellScript */ = {
			isa = PBXShellScriptBuildPhase;
			buildActionMask = 2147483647;
			files = (
			);
			inputFileListPaths = (
			);
			inputPaths = (
			);
			outputFileListPaths = (
			);
			outputPaths = (
			);
			runOnlyForDeploymentPostprocessing = 0;
			shellPath = /bin/sh;
			shellScript = "INFO_PLIST=\"${TARGET_BUILD_DIR}/${INFOPLIST_PATH}\" \nPLISTBUDDY=\"/usr/libexec/PlistBuddy\"\n\nif [ \"${CONFIGURATION}\" == \"Debug\" ]; then\n    $PLISTBUDDY -c \"Add :NSAppTransportSecurity dict\" \"${INFO_PLIST}\" || true\n        $PLISTBUDDY -c \"Add :NSAppTransportSecurity:NSAllowsArbitraryLoads bool true\" \"${INFO_PLIST}\" || true\n            $PLISTBUDDY -c \"Set :NSAppTransportSecurity:NSAllowsArbitraryLoads true\" \"${INFO_PLIST}\"\nelse\n    $PLISTBUDDY -c \"Delete :NSAppTransportSecurity:NSAllowsArbitraryLoads\" \"${INFO_PLIST}\" || true\nfi\n\nALLOWS_ARBITRARY_LOADS_ENABLED=$($PLISTBUDDY -c \"Print :NSAppTransportSecurity:NSAllowsArbitraryLoads\" \"${INFO_PLIST}\")\nif [ \"${ALLOWS_ARBITRARY_LOADS_ENABLED}\" == \"true\" ]; then\n    echo \"warning: ATS is disabled. :NSAppTransportSecurity:NSAllowsArbitraryLoads set to true. This is insecure and should not be used in release builds.\"\nfi\n";
		};
/* End PBXShellScriptBuildPhase section */

/* Begin PBXSourcesBuildPhase section */
		6313CA6E2953A1D5004AB0AF /* Sources */ = {
			isa = PBXSourcesBuildPhase;
			buildActionMask = 2147483647;
			files = (
				63D3FC8B295E341900377478 /* Api.swift in Sources */,
				63D3FC98295E390C00377478 /* BaseNavigationController.swift in Sources */,
				63D3FCA0295E7CAD00377478 /* ViewControllerVendor.swift in Sources */,
				6313CA762953A1D5004AB0AF /* AppDelegate.swift in Sources */,
				63D3FC96295E38DB00377478 /* RoutingController.swift in Sources */,
				63D3FC8D295E34E300377478 /* RootViewController.swift in Sources */,
				6313CA782953A1D5004AB0AF /* SceneDelegate.swift in Sources */,
				63D3FC9C295E3A3200377478 /* Global.swift in Sources */,
				63D3FC9E295E7B4900377478 /* WebViewController.swift in Sources */,
			);
			runOnlyForDeploymentPostprocessing = 0;
		};
		6313CA842953A1D7004AB0AF /* Sources */ = {
			isa = PBXSourcesBuildPhase;
			buildActionMask = 2147483647;
			files = (
				6313CA8D2953A1D7004AB0AF /* PiazzaTests.swift in Sources */,
			);
			runOnlyForDeploymentPostprocessing = 0;
		};
		6313CA8E2953A1D7004AB0AF /* Sources */ = {
			isa = PBXSourcesBuildPhase;
			buildActionMask = 2147483647;
			files = (
				6313CA972953A1D7004AB0AF /* PiazzaUITests.swift in Sources */,
				6313CA992953A1D7004AB0AF /* PiazzaUITestsLaunchTests.swift in Sources */,
			);
			runOnlyForDeploymentPostprocessing = 0;
		};
/* End PBXSourcesBuildPhase section */

/* Begin PBXTargetDependency section */
		6313CA8A2953A1D7004AB0AF /* PBXTargetDependency */ = {
			isa = PBXTargetDependency;
			target = 6313CA712953A1D5004AB0AF /* Piazza */;
			targetProxy = 6313CA892953A1D7004AB0AF /* PBXContainerItemProxy */;
		};
		6313CA942953A1D7004AB0AF /* PBXTargetDependency */ = {
			isa = PBXTargetDependency;
			target = 6313CA712953A1D5004AB0AF /* Piazza */;
			targetProxy = 6313CA932953A1D7004AB0AF /* PBXContainerItemProxy */;
		};
/* End PBXTargetDependency section */

/* Begin PBXVariantGroup section */
		6313CA802953A1D7004AB0AF /* LaunchScreen.storyboard */ = {
			isa = PBXVariantGroup;
			children = (
				6313CA812953A1D7004AB0AF /* Base */,
			);
			name = LaunchScreen.storyboard;
			sourceTree = "<group>";
		};
		63D3FC92295E37C700377478 /* Localizable.strings */ = {
			isa = PBXVariantGroup;
			children = (
				63D3FC91295E37C700377478 /* en */,
			);
			name = Localizable.strings;
			sourceTree = "<group>";
		};
/* End PBXVariantGroup section */

/* Begin XCBuildConfiguration section */
		6313CA9A2953A1D7004AB0AF /* Debug */ = {
			isa = XCBuildConfiguration;
			buildSettings = {
				ALWAYS_SEARCH_USER_PATHS = NO;
				CLANG_ANALYZER_NONNULL = YES;
				CLANG_ANALYZER_NUMBER_OBJECT_CONVERSION = YES_AGGRESSIVE;
				CLANG_CXX_LANGUAGE_STANDARD = "gnu++20";
				CLANG_ENABLE_MODULES = YES;
				CLANG_ENABLE_OBJC_ARC = YES;
				CLANG_ENABLE_OBJC_WEAK = YES;
				CLANG_WARN_BLOCK_CAPTURE_AUTORELEASING = YES;
				CLANG_WARN_BOOL_CONVERSION = YES;
				CLANG_WARN_COMMA = YES;
				CLANG_WARN_CONSTANT_CONVERSION = YES;
				CLANG_WARN_DEPRECATED_OBJC_IMPLEMENTATIONS = YES;
				CLANG_WARN_DIRECT_OBJC_ISA_USAGE = YES_ERROR;
				CLANG_WARN_DOCUMENTATION_COMMENTS = YES;
				CLANG_WARN_EMPTY_BODY = YES;
				CLANG_WARN_ENUM_CONVERSION = YES;
				CLANG_WARN_INFINITE_RECURSION = YES;
				CLANG_WARN_INT_CONVERSION = YES;
				CLANG_WARN_NON_LITERAL_NULL_CONVERSION = YES;
				CLANG_WARN_OBJC_IMPLICIT_RETAIN_SELF = YES;
				CLANG_WARN_OBJC_LITERAL_CONVERSION = YES;
				CLANG_WARN_OBJC_ROOT_CLASS = YES_ERROR;
				CLANG_WARN_QUOTED_INCLUDE_IN_FRAMEWORK_HEADER = YES;
				CLANG_WARN_RANGE_LOOP_ANALYSIS = YES;
				CLANG_WARN_STRICT_PROTOTYPES = YES;
				CLANG_WARN_SUSPICIOUS_MOVE = YES;
				CLANG_WARN_UNGUARDED_AVAILABILITY = YES_AGGRESSIVE;
				CLANG_WARN_UNREACHABLE_CODE = YES;
				CLANG_WARN__DUPLICATE_METHOD_MATCH = YES;
				COPY_PHASE_STRIP = NO;
				DEBUG_INFORMATION_FORMAT = dwarf;
				ENABLE_STRICT_OBJC_MSGSEND = YES;
				ENABLE_TESTABILITY = YES;
				GCC_C_LANGUAGE_STANDARD = gnu11;
				GCC_DYNAMIC_NO_PIC = NO;
				GCC_NO_COMMON_BLOCKS = YES;
				GCC_OPTIMIZATION_LEVEL = 0;
				GCC_PREPROCESSOR_DEFINITIONS = (
					"DEBUG=1",
					"$(inherited)",
				);
				GCC_WARN_64_TO_32_BIT_CONVERSION = YES;
				GCC_WARN_ABOUT_RETURN_TYPE = YES_ERROR;
				GCC_WARN_UNDECLARED_SELECTOR = YES;
				GCC_WARN_UNINITIALIZED_AUTOS = YES_AGGRESSIVE;
				GCC_WARN_UNUSED_FUNCTION = YES;
				GCC_WARN_UNUSED_VARIABLE = YES;
				IPHONEOS_DEPLOYMENT_TARGET = 16.2;
				MTL_ENABLE_DEBUG_INFO = INCLUDE_SOURCE;
				MTL_FAST_MATH = YES;
				ONLY_ACTIVE_ARCH = YES;
				SDKROOT = iphoneos;
				SWIFT_ACTIVE_COMPILATION_CONDITIONS = DEBUG;
				SWIFT_OPTIMIZATION_LEVEL = "-Onone";
			};
			name = Debug;
		};
		6313CA9B2953A1D7004AB0AF /* Release */ = {
			isa = XCBuildConfiguration;
			buildSettings = {
				ALWAYS_SEARCH_USER_PATHS = NO;
				CLANG_ANALYZER_NONNULL = YES;
				CLANG_ANALYZER_NUMBER_OBJECT_CONVERSION = YES_AGGRESSIVE;
				CLANG_CXX_LANGUAGE_STANDARD = "gnu++20";
				CLANG_ENABLE_MODULES = YES;
				CLANG_ENABLE_OBJC_ARC = YES;
				CLANG_ENABLE_OBJC_WEAK = YES;
				CLANG_WARN_BLOCK_CAPTURE_AUTORELEASING = YES;
				CLANG_WARN_BOOL_CONVERSION = YES;
				CLANG_WARN_COMMA = YES;
				CLANG_WARN_CONSTANT_CONVERSION = YES;
				CLANG_WARN_DEPRECATED_OBJC_IMPLEMENTATIONS = YES;
				CLANG_WARN_DIRECT_OBJC_ISA_USAGE = YES_ERROR;
				CLANG_WARN_DOCUMENTATION_COMMENTS = YES;
				CLANG_WARN_EMPTY_BODY = YES;
				CLANG_WARN_ENUM_CONVERSION = YES;
				CLANG_WARN_INFINITE_RECURSION = YES;
				CLANG_WARN_INT_CONVERSION = YES;
				CLANG_WARN_NON_LITERAL_NULL_CONVERSION = YES;
				CLANG_WARN_OBJC_IMPLICIT_RETAIN_SELF = YES;
				CLANG_WARN_OBJC_LITERAL_CONVERSION = YES;
				CLANG_WARN_OBJC_ROOT_CLASS = YES_ERROR;
				CLANG_WARN_QUOTED_INCLUDE_IN_FRAMEWORK_HEADER = YES;
				CLANG_WARN_RANGE_LOOP_ANALYSIS = YES;
				CLANG_WARN_STRICT_PROTOTYPES = YES;
				CLANG_WARN_SUSPICIOUS_MOVE = YES;
				CLANG_WARN_UNGUARDED_AVAILABILITY = YES_AGGRESSIVE;
				CLANG_WARN_UNREACHABLE_CODE = YES;
				CLANG_WARN__DUPLICATE_METHOD_MATCH = YES;
				COPY_PHASE_STRIP = NO;
				DEBUG_INFORMATION_FORMAT = "dwarf-with-dsym";
				ENABLE_NS_ASSERTIONS = NO;
				ENABLE_STRICT_OBJC_MSGSEND = YES;
				GCC_C_LANGUAGE_STANDARD = gnu11;
				GCC_NO_COMMON_BLOCKS = YES;
				GCC_WARN_64_TO_32_BIT_CONVERSION = YES;
				GCC_WARN_ABOUT_RETURN_TYPE = YES_ERROR;
				GCC_WARN_UNDECLARED_SELECTOR = YES;
				GCC_WARN_UNINITIALIZED_AUTOS = YES_AGGRESSIVE;
				GCC_WARN_UNUSED_FUNCTION = YES;
				GCC_WARN_UNUSED_VARIABLE = YES;
				IPHONEOS_DEPLOYMENT_TARGET = 16.2;
				MTL_ENABLE_DEBUG_INFO = NO;
				MTL_FAST_MATH = YES;
				SDKROOT = iphoneos;
				SWIFT_COMPILATION_MODE = wholemodule;
				SWIFT_OPTIMIZATION_LEVEL = "-O";
				VALIDATE_PRODUCT = YES;
			};
			name = Release;
		};
		6313CA9D2953A1D7004AB0AF /* Debug */ = {
			isa = XCBuildConfiguration;
			buildSettings = {
				ASSETCATALOG_COMPILER_APPICON_NAME = AppIcon;
				ASSETCATALOG_COMPILER_GLOBAL_ACCENT_COLOR_NAME = AccentColor;
				CODE_SIGN_STYLE = Automatic;
				CURRENT_PROJECT_VERSION = 1;
				GENERATE_INFOPLIST_FILE = YES;
				INFOPLIST_FILE = Piazza/Info.plist;
				INFOPLIST_KEY_UIApplicationSupportsIndirectInputEvents = YES;
				INFOPLIST_KEY_UILaunchStoryboardName = LaunchScreen;
				INFOPLIST_KEY_UIMainStoryboardFile = "";
				INFOPLIST_KEY_UISupportedInterfaceOrientations_iPad = "UIInterfaceOrientationPortrait UIInterfaceOrientationPortraitUpsideDown UIInterfaceOrientationLandscapeLeft UIInterfaceOrientationLandscapeRight";
				INFOPLIST_KEY_UISupportedInterfaceOrientations_iPhone = "UIInterfaceOrientationPortrait UIInterfaceOrientationLandscapeLeft UIInterfaceOrientationLandscapeRight";
				LD_RUNPATH_SEARCH_PATHS = (
					"$(inherited)",
					"@executable_path/Frameworks",
				);
				MARKETING_VERSION = 1.0;
				PRODUCT_BUNDLE_IDENTIFIER = com.radioactivetoy.Piazza;
				PRODUCT_NAME = "$(TARGET_NAME)";
				SWIFT_EMIT_LOC_STRINGS = YES;
				SWIFT_VERSION = 5.0;
				TARGETED_DEVICE_FAMILY = "1,2";
			};
			name = Debug;
		};
		6313CA9E2953A1D7004AB0AF /* Release */ = {
			isa = XCBuildConfiguration;
			buildSettings = {
				ASSETCATALOG_COMPILER_APPICON_NAME = AppIcon;
				ASSETCATALOG_COMPILER_GLOBAL_ACCENT_COLOR_NAME = AccentColor;
				CODE_SIGN_STYLE = Automatic;
				CURRENT_PROJECT_VERSION = 1;
				GENERATE_INFOPLIST_FILE = YES;
				INFOPLIST_FILE = Piazza/Info.plist;
				INFOPLIST_KEY_UIApplicationSupportsIndirectInputEvents = YES;
				INFOPLIST_KEY_UILaunchStoryboardName = LaunchScreen;
				INFOPLIST_KEY_UIMainStoryboardFile = "";
				INFOPLIST_KEY_UISupportedInterfaceOrientations_iPad = "UIInterfaceOrientationPortrait UIInterfaceOrientationPortraitUpsideDown UIInterfaceOrientationLandscapeLeft UIInterfaceOrientationLandscapeRight";
				INFOPLIST_KEY_UISupportedInterfaceOrientations_iPhone = "UIInterfaceOrientationPortrait UIInterfaceOrientationLandscapeLeft UIInterfaceOrientationLandscapeRight";
				LD_RUNPATH_SEARCH_PATHS = (
					"$(inherited)",
					"@executable_path/Frameworks",
				);
				MARKETING_VERSION = 1.0;
				PRODUCT_BUNDLE_IDENTIFIER = com.radioactivetoy.Piazza;
				PRODUCT_NAME = "$(TARGET_NAME)";
				SWIFT_EMIT_LOC_STRINGS = YES;
				SWIFT_VERSION = 5.0;
				TARGETED_DEVICE_FAMILY = "1,2";
			};
			name = Release;
		};
		6313CAA02953A1D7004AB0AF /* Debug */ = {
			isa = XCBuildConfiguration;
			buildSettings = {
				ALWAYS_EMBED_SWIFT_STANDARD_LIBRARIES = YES;
				BUNDLE_LOADER = "$(TEST_HOST)";
				CODE_SIGN_STYLE = Automatic;
				CURRENT_PROJECT_VERSION = 1;
				GENERATE_INFOPLIST_FILE = YES;
				IPHONEOS_DEPLOYMENT_TARGET = 16.2;
				MARKETING_VERSION = 1.0;
				PRODUCT_BUNDLE_IDENTIFIER = com.radioactivetoy.PiazzaTests;
				PRODUCT_NAME = "$(TARGET_NAME)";
				SWIFT_EMIT_LOC_STRINGS = NO;
				SWIFT_VERSION = 5.0;
				TARGETED_DEVICE_FAMILY = "1,2";
				TEST_HOST = "$(BUILT_PRODUCTS_DIR)/Piazza.app/$(BUNDLE_EXECUTABLE_FOLDER_PATH)/Piazza";
			};
			name = Debug;
		};
		6313CAA12953A1D7004AB0AF /* Release */ = {
			isa = XCBuildConfiguration;
			buildSettings = {
				ALWAYS_EMBED_SWIFT_STANDARD_LIBRARIES = YES;
				BUNDLE_LOADER = "$(TEST_HOST)";
				CODE_SIGN_STYLE = Automatic;
				CURRENT_PROJECT_VERSION = 1;
				GENERATE_INFOPLIST_FILE = YES;
				IPHONEOS_DEPLOYMENT_TARGET = 16.2;
				MARKETING_VERSION = 1.0;
				PRODUCT_BUNDLE_IDENTIFIER = com.radioactivetoy.PiazzaTests;
				PRODUCT_NAME = "$(TARGET_NAME)";
				SWIFT_EMIT_LOC_STRINGS = NO;
				SWIFT_VERSION = 5.0;
				TARGETED_DEVICE_FAMILY = "1,2";
				TEST_HOST = "$(BUILT_PRODUCTS_DIR)/Piazza.app/$(BUNDLE_EXECUTABLE_FOLDER_PATH)/Piazza";
			};
			name = Release;
		};
		6313CAA32953A1D7004AB0AF /* Debug */ = {
			isa = XCBuildConfiguration;
			buildSettings = {
				ALWAYS_EMBED_SWIFT_STANDARD_LIBRARIES = YES;
				CODE_SIGN_STYLE = Automatic;
				CURRENT_PROJECT_VERSION = 1;
				GENERATE_INFOPLIST_FILE = YES;
				MARKETING_VERSION = 1.0;
				PRODUCT_BUNDLE_IDENTIFIER = com.radioactivetoy.PiazzaUITests;
				PRODUCT_NAME = "$(TARGET_NAME)";
				SWIFT_EMIT_LOC_STRINGS = NO;
				SWIFT_VERSION = 5.0;
				TARGETED_DEVICE_FAMILY = "1,2";
				TEST_TARGET_NAME = Piazza;
			};
			name = Debug;
		};
		6313CAA42953A1D7004AB0AF /* Release */ = {
			isa = XCBuildConfiguration;
			buildSettings = {
				ALWAYS_EMBED_SWIFT_STANDARD_LIBRARIES = YES;
				CODE_SIGN_STYLE = Automatic;
				CURRENT_PROJECT_VERSION = 1;
				GENERATE_INFOPLIST_FILE = YES;
				MARKETING_VERSION = 1.0;
				PRODUCT_BUNDLE_IDENTIFIER = com.radioactivetoy.PiazzaUITests;
				PRODUCT_NAME = "$(TARGET_NAME)";
				SWIFT_EMIT_LOC_STRINGS = NO;
				SWIFT_VERSION = 5.0;
				TARGETED_DEVICE_FAMILY = "1,2";
				TEST_TARGET_NAME = Piazza;
			};
			name = Release;
		};
/* End XCBuildConfiguration section */

/* Begin XCConfigurationList section */
		6313CA6D2953A1D4004AB0AF /* Build configuration list for PBXProject "Piazza" */ = {
			isa = XCConfigurationList;
			buildConfigurations = (
				6313CA9A2953A1D7004AB0AF /* Debug */,
				6313CA9B2953A1D7004AB0AF /* Release */,
			);
			defaultConfigurationIsVisible = 0;
			defaultConfigurationName = Release;
		};
		6313CA9C2953A1D7004AB0AF /* Build configuration list for PBXNativeTarget "Piazza" */ = {
			isa = XCConfigurationList;
			buildConfigurations = (
				6313CA9D2953A1D7004AB0AF /* Debug */,
				6313CA9E2953A1D7004AB0AF /* Release */,
			);
			defaultConfigurationIsVisible = 0;
			defaultConfigurationName = Release;
		};
		6313CA9F2953A1D7004AB0AF /* Build configuration list for PBXNativeTarget "PiazzaTests" */ = {
			isa = XCConfigurationList;
			buildConfigurations = (
				6313CAA02953A1D7004AB0AF /* Debug */,
				6313CAA12953A1D7004AB0AF /* Release */,
			);
			defaultConfigurationIsVisible = 0;
			defaultConfigurationName = Release;
		};
		6313CAA22953A1D7004AB0AF /* Build configuration list for PBXNativeTarget "PiazzaUITests" */ = {
			isa = XCConfigurationList;
			buildConfigurations = (
				6313CAA32953A1D7004AB0AF /* Debug */,
				6313CAA42953A1D7004AB0AF /* Release */,
			);
			defaultConfigurationIsVisible = 0;
			defaultConfigurationName = Release;
		};
/* End XCConfigurationList section */

/* Begin XCRemoteSwiftPackageReference section */
		6313CAA5295B75C8004AB0AF /* XCRemoteSwiftPackageReference "turbo-ios" */ = {
			isa = XCRemoteSwiftPackageReference;
			repositoryURL = "https://github.com/hotwired/turbo-ios";
			requirement = {
				kind = upToNextMinorVersion;
				minimumVersion = "7.0.0-rc.7";
			};
		};
/* End XCRemoteSwiftPackageReference section */

/* Begin XCSwiftPackageProductDependency section */
		6313CAA6295B75C8004AB0AF /* Turbo */ = {
			isa = XCSwiftPackageProductDependency;
			package = 6313CAA5295B75C8004AB0AF /* XCRemoteSwiftPackageReference "turbo-ios" */;
			productName = Turbo;
		};
/* End XCSwiftPackageProductDependency section */
	};
	rootObject = 6313CA6A2953A1D4004AB0AF /* Project object */;
}
